
Microsoft Visual Studio Solution File, Format Version 12.00
# Visual Studio Version 16
VisualStudioVersion = 16.0.30114.105
MinimumVisualStudioVersion = 10.0.40219.1
Project("{FAE04EC0-301F-11D3-BF4B-00C04F79EFBC}") = "raspberrypi.net.core", "raspberrypi.net.core\raspberrypi.net.core.csproj", "{1975692E-79AC-4A90-B971-4C1596B33B82}"
EndProject
Project("{FAE04EC0-301F-11D3-BF4B-00C04F79EFBC}") = "raspberrypi.net.core.backend", "raspberrypi.net.core.backend\raspberrypi.net.core.backend.csproj", "{256BE007-D106-48A7-8ACC-D281A2077A24}"
EndProject
Project("{FAE04EC0-301F-11D3-BF4B-00C04F79EFBC}") = "raspberrypi.net.core.twinupdater", "raspberrypi.net.core.twinupdater\raspberrypi.net.core.twinupdater.csproj", "{5E8EAF98-01AF-4B26-8549-E88D4E2D8C9C}"
EndProject
Global
	GlobalSection(SolutionConfigurationPlatforms) = preSolution
		Debug|Any CPU = Debug|Any CPU
		Release|Any CPU = Release|Any CPU
	EndGlobalSection
	GlobalSection(SolutionProperties) = preSolution
		HideSolutionNode = FALSE
	EndGlobalSection
	GlobalSection(ProjectConfigurationPlatforms) = postSolution
		{1975692E-79AC-4A90-B971-4C1596B33B82}.Debug|Any CPU.ActiveCfg = Debug|Any CPU
		{1975692E-79AC-4A90-B971-4C1596B33B82}.Debug|Any CPU.Build.0 = Debug|Any CPU
		{1975692E-79AC-4A90-B971-4C1596B33B82}.Release|Any CPU.ActiveCfg = Release|Any CPU
		{1975692E-79AC-4A90-B971-4C1596B33B82}.Release|Any CPU.Build.0 = Release|Any CPU
		{256BE007-D106-48A7-8ACC-D281A2077A24}.Debug|Any CPU.ActiveCfg = Debug|Any CPU
		{256BE007-D106-48A7-8ACC-D281A2077A24}.Debug|Any CPU.Build.0 = Debug|Any CPU
		{256BE007-D106-48A7-8ACC-D281A2077A24}.Release|Any CPU.ActiveCfg = Release|Any CPU
		{256BE007-D106-48A7-8ACC-D281A2077A24}.Release|Any CPU.Build.0 = Release|Any CPU
		{5E8EAF98-01AF-4B26-8549-E88D4E2D8C9C}.Debug|Any CPU.ActiveCfg = Debug|Any CPU
		{5E8EAF98-01AF-4B26-8549-E88D4E2D8C9C}.Debug|Any CPU.Build.0 = Debug|Any CPU
		{5E8EAF98-01AF-4B26-8549-E88D4E2D8C9C}.Release|Any CPU.ActiveCfg = Release|Any CPU
		{5E8EAF98-01AF-4B26-8549-E88D4E2D8C9C}.Release|Any CPU.Build.0 = Release|Any CPU
	EndGlobalSection
EndGlobal
